
Microsoft Visual Studio Solution File, Format Version 12.00
Project("{FAE04EC0-301F-11D3-BF4B-00C04F79EFBC}") = "Task1", "Task1\Task1.csproj", "{FC8AB3A1-3BF7-40EE-8D45-025339E7F0BC}"
EndProject
Project("{FAE04EC0-301F-11D3-BF4B-00C04F79EFBC}") = "Task2", "Task2\Task2.csproj", "{4FA702CA-1911-438D-A928-1067954335E1}"
EndProject
Global
	GlobalSection(SolutionConfigurationPlatforms) = preSolution
		Debug|Any CPU = Debug|Any CPU
		Release|Any CPU = Release|Any CPU
	EndGlobalSection
	GlobalSection(ProjectConfigurationPlatforms) = postSolution
		{FC8AB3A1-3BF7-40EE-8D45-025339E7F0BC}.Debug|Any CPU.ActiveCfg = Debug|Any CPU
		{FC8AB3A1-3BF7-40EE-8D45-025339E7F0BC}.Debug|Any CPU.Build.0 = Debug|Any CPU
		{FC8AB3A1-3BF7-40EE-8D45-025339E7F0BC}.Release|Any CPU.ActiveCfg = Release|Any CPU
		{FC8AB3A1-3BF7-40EE-8D45-025339E7F0BC}.Release|Any CPU.Build.0 = Release|Any CPU
		{4FA702CA-1911-438D-A928-1067954335E1}.Debug|Any CPU.ActiveCfg = Debug|Any CPU
		{4FA702CA-1911-438D-A928-1067954335E1}.Debug|Any CPU.Build.0 = Debug|Any CPU
		{4FA702CA-1911-438D-A928-1067954335E1}.Release|Any CPU.ActiveCfg = Release|Any CPU
		{4FA702CA-1911-438D-A928-1067954335E1}.Release|Any CPU.Build.0 = Release|Any CPU
	EndGlobalSection
EndGlobal
