
Microsoft Visual Studio Solution File, Format Version 12.00
Project("{FAE04EC0-301F-11D3-BF4B-00C04F79EFBC}") = "Q1", "Q1\Q1.csproj", "{1067C612-F813-42E3-B7CF-5AC590D23CC1}"
EndProject
Project("{FAE04EC0-301F-11D3-BF4B-00C04F79EFBC}") = "Q2", "Q2\Q2.csproj", "{06D51B43-82C1-4785-BD6F-08BB7AC991AE}"
EndProject
Global
	GlobalSection(SolutionConfigurationPlatforms) = preSolution
		Debug|Any CPU = Debug|Any CPU
		Release|Any CPU = Release|Any CPU
	EndGlobalSection
	GlobalSection(ProjectConfigurationPlatforms) = postSolution
		{1067C612-F813-42E3-B7CF-5AC590D23CC1}.Debug|Any CPU.ActiveCfg = Debug|Any CPU
		{1067C612-F813-42E3-B7CF-5AC590D23CC1}.Debug|Any CPU.Build.0 = Debug|Any CPU
		{1067C612-F813-42E3-B7CF-5AC590D23CC1}.Release|Any CPU.ActiveCfg = Release|Any CPU
		{1067C612-F813-42E3-B7CF-5AC590D23CC1}.Release|Any CPU.Build.0 = Release|Any CPU
		{06D51B43-82C1-4785-BD6F-08BB7AC991AE}.Debug|Any CPU.ActiveCfg = Debug|Any CPU
		{06D51B43-82C1-4785-BD6F-08BB7AC991AE}.Debug|Any CPU.Build.0 = Debug|Any CPU
		{06D51B43-82C1-4785-BD6F-08BB7AC991AE}.Release|Any CPU.ActiveCfg = Release|Any CPU
		{06D51B43-82C1-4785-BD6F-08BB7AC991AE}.Release|Any CPU.Build.0 = Release|Any CPU
	EndGlobalSection
EndGlobal
